
Microsoft Visual Studio Solution File, Format Version 12.00
# Visual Studio Version 17
VisualStudioVersion = 17.1.32210.238
MinimumVisualStudioVersion = 10.0.40219.1
Project("{FAE04EC0-301F-11D3-BF4B-00C04F79EFBC}") = "Addition", "Addition.csproj", "{4C410593-4A86-4CBB-BF93-6F476380EF63}"
EndProject
Global
	GlobalSection(SolutionConfigurationPlatforms) = preSolution
		Debug|Any CPU = Debug|Any CPU
		Release|Any CPU = Release|Any CPU
	EndGlobalSection
	GlobalSection(ProjectConfigurationPlatforms) = postSolution
		{4C410593-4A86-4CBB-BF93-6F476380EF63}.Debug|Any CPU.ActiveCfg = Debug|Any CPU
		{4C410593-4A86-4CBB-BF93-6F476380EF63}.Debug|Any CPU.Build.0 = Debug|Any CPU
		{4C410593-4A86-4CBB-BF93-6F476380EF63}.Release|Any CPU.ActiveCfg = Release|Any CPU
		{4C410593-4A86-4CBB-BF93-6F476380EF63}.Release|Any CPU.Build.0 = Release|Any CPU
	EndGlobalSection
	GlobalSection(SolutionProperties) = preSolution
		HideSolutionNode = FALSE
	EndGlobalSection
	GlobalSection(ExtensibilityGlobals) = postSolution
		SolutionGuid = {C911DDBC-90FC-402E-BE5B-6E3C65DC58B1}
	EndGlobalSection
EndGlobal
