
Microsoft Visual Studio Solution File, Format Version 12.00
# Visual Studio Version 17
VisualStudioVersion = 17.1.32210.238
MinimumVisualStudioVersion = 10.0.40219.1
Project("{FAE04EC0-301F-11D3-BF4B-00C04F79EFBC}") = "7 - Construindo uma pokédex", "7 - Construindo uma pokédex.csproj", "{36CFB0A8-FDF3-4816-BD69-5F6F231D2B99}"
EndProject
Global
	GlobalSection(SolutionConfigurationPlatforms) = preSolution
		Debug|Any CPU = Debug|Any CPU
		Release|Any CPU = Release|Any CPU
	EndGlobalSection
	GlobalSection(ProjectConfigurationPlatforms) = postSolution
		{36CFB0A8-FDF3-4816-BD69-5F6F231D2B99}.Debug|Any CPU.ActiveCfg = Debug|Any CPU
		{36CFB0A8-FDF3-4816-BD69-5F6F231D2B99}.Debug|Any CPU.Build.0 = Debug|Any CPU
		{36CFB0A8-FDF3-4816-BD69-5F6F231D2B99}.Release|Any CPU.ActiveCfg = Release|Any CPU
		{36CFB0A8-FDF3-4816-BD69-5F6F231D2B99}.Release|Any CPU.Build.0 = Release|Any CPU
	EndGlobalSection
	GlobalSection(SolutionProperties) = preSolution
		HideSolutionNode = FALSE
	EndGlobalSection
	GlobalSection(ExtensibilityGlobals) = postSolution
		SolutionGuid = {F33E72FD-05D5-424A-81EE-E733CF55A822}
	EndGlobalSection
EndGlobal
