
Microsoft Visual Studio Solution File, Format Version 12.00
# Visual Studio Version 17
VisualStudioVersion = 17.1.32210.238
MinimumVisualStudioVersion = 10.0.40219.1
Project("{FAE04EC0-301F-11D3-BF4B-00C04F79EFBC}") = "3.02", "3.02.csproj", "{64694BE0-FF8F-447C-9CDC-34127FA481D7}"
EndProject
Global
	GlobalSection(SolutionConfigurationPlatforms) = preSolution
		Debug|Any CPU = Debug|Any CPU
		Release|Any CPU = Release|Any CPU
	EndGlobalSection
	GlobalSection(ProjectConfigurationPlatforms) = postSolution
		{64694BE0-FF8F-447C-9CDC-34127FA481D7}.Debug|Any CPU.ActiveCfg = Debug|Any CPU
		{64694BE0-FF8F-447C-9CDC-34127FA481D7}.Debug|Any CPU.Build.0 = Debug|Any CPU
		{64694BE0-FF8F-447C-9CDC-34127FA481D7}.Release|Any CPU.ActiveCfg = Release|Any CPU
		{64694BE0-FF8F-447C-9CDC-34127FA481D7}.Release|Any CPU.Build.0 = Release|Any CPU
	EndGlobalSection
	GlobalSection(SolutionProperties) = preSolution
		HideSolutionNode = FALSE
	EndGlobalSection
	GlobalSection(ExtensibilityGlobals) = postSolution
		SolutionGuid = {76DFCF1A-0703-458B-A007-A0406D360463}
	EndGlobalSection
EndGlobal
