
Microsoft Visual Studio Solution File, Format Version 12.00
# Visual Studio Version 17
VisualStudioVersion = 17.1.32210.238
MinimumVisualStudioVersion = 10.0.40219.1
Project("{FAE04EC0-301F-11D3-BF4B-00C04F79EFBC}") = "exercicio01", "exercicio01.csproj", "{05C85AB8-A73C-484E-8ADF-69C84B5F395D}"
EndProject
Global
	GlobalSection(SolutionConfigurationPlatforms) = preSolution
		Debug|Any CPU = Debug|Any CPU
		Release|Any CPU = Release|Any CPU
	EndGlobalSection
	GlobalSection(ProjectConfigurationPlatforms) = postSolution
		{05C85AB8-A73C-484E-8ADF-69C84B5F395D}.Debug|Any CPU.ActiveCfg = Debug|Any CPU
		{05C85AB8-A73C-484E-8ADF-69C84B5F395D}.Debug|Any CPU.Build.0 = Debug|Any CPU
		{05C85AB8-A73C-484E-8ADF-69C84B5F395D}.Release|Any CPU.ActiveCfg = Release|Any CPU
		{05C85AB8-A73C-484E-8ADF-69C84B5F395D}.Release|Any CPU.Build.0 = Release|Any CPU
	EndGlobalSection
	GlobalSection(SolutionProperties) = preSolution
		HideSolutionNode = FALSE
	EndGlobalSection
	GlobalSection(ExtensibilityGlobals) = postSolution
		SolutionGuid = {8D33C10F-CF1D-4450-B5F4-C2CB3CD5D049}
	EndGlobalSection
EndGlobal
