
Microsoft Visual Studio Solution File, Format Version 12.00
# Visual Studio Version 17
VisualStudioVersion = 17.1.32210.238
MinimumVisualStudioVersion = 10.0.40219.1
Project("{FAE04EC0-301F-11D3-BF4B-00C04F79EFBC}") = "Welcome4", "Welcome4.csproj", "{C183B796-68D9-497F-92B4-052A3C600FD4}"
EndProject
Global
	GlobalSection(SolutionConfigurationPlatforms) = preSolution
		Debug|Any CPU = Debug|Any CPU
		Release|Any CPU = Release|Any CPU
	EndGlobalSection
	GlobalSection(ProjectConfigurationPlatforms) = postSolution
		{C183B796-68D9-497F-92B4-052A3C600FD4}.Debug|Any CPU.ActiveCfg = Debug|Any CPU
		{C183B796-68D9-497F-92B4-052A3C600FD4}.Debug|Any CPU.Build.0 = Debug|Any CPU
		{C183B796-68D9-497F-92B4-052A3C600FD4}.Release|Any CPU.ActiveCfg = Release|Any CPU
		{C183B796-68D9-497F-92B4-052A3C600FD4}.Release|Any CPU.Build.0 = Release|Any CPU
	EndGlobalSection
	GlobalSection(SolutionProperties) = preSolution
		HideSolutionNode = FALSE
	EndGlobalSection
	GlobalSection(ExtensibilityGlobals) = postSolution
		SolutionGuid = {6A377857-D696-4D78-98AE-C81CF86C8C3E}
	EndGlobalSection
EndGlobal
