
Microsoft Visual Studio Solution File, Format Version 12.00
# Visual Studio Version 17
VisualStudioVersion = 17.1.32210.238
MinimumVisualStudioVersion = 10.0.40219.1
Project("{FAE04EC0-301F-11D3-BF4B-00C04F79EFBC}") = "Welcome3", "Welcome3.csproj", "{221A28C2-C17F-482E-A800-EC54EB4F2228}"
EndProject
Global
	GlobalSection(SolutionConfigurationPlatforms) = preSolution
		Debug|Any CPU = Debug|Any CPU
		Release|Any CPU = Release|Any CPU
	EndGlobalSection
	GlobalSection(ProjectConfigurationPlatforms) = postSolution
		{221A28C2-C17F-482E-A800-EC54EB4F2228}.Debug|Any CPU.ActiveCfg = Debug|Any CPU
		{221A28C2-C17F-482E-A800-EC54EB4F2228}.Debug|Any CPU.Build.0 = Debug|Any CPU
		{221A28C2-C17F-482E-A800-EC54EB4F2228}.Release|Any CPU.ActiveCfg = Release|Any CPU
		{221A28C2-C17F-482E-A800-EC54EB4F2228}.Release|Any CPU.Build.0 = Release|Any CPU
	EndGlobalSection
	GlobalSection(SolutionProperties) = preSolution
		HideSolutionNode = FALSE
	EndGlobalSection
	GlobalSection(ExtensibilityGlobals) = postSolution
		SolutionGuid = {82BF4B12-843A-4936-8A3C-B259B90DE4BE}
	EndGlobalSection
EndGlobal
