
Microsoft Visual Studio Solution File, Format Version 12.00
# Visual Studio Version 17
VisualStudioVersion = 17.1.32210.238
MinimumVisualStudioVersion = 10.0.40219.1
Project("{FAE04EC0-301F-11D3-BF4B-00C04F79EFBC}") = "exerResolvido03", "exerResolvido03\exerResolvido03.csproj", "{34B70A1A-9366-4673-AD96-503827F993BB}"
EndProject
Global
	GlobalSection(SolutionConfigurationPlatforms) = preSolution
		Debug|Any CPU = Debug|Any CPU
		Release|Any CPU = Release|Any CPU
	EndGlobalSection
	GlobalSection(ProjectConfigurationPlatforms) = postSolution
		{34B70A1A-9366-4673-AD96-503827F993BB}.Debug|Any CPU.ActiveCfg = Debug|Any CPU
		{34B70A1A-9366-4673-AD96-503827F993BB}.Debug|Any CPU.Build.0 = Debug|Any CPU
		{34B70A1A-9366-4673-AD96-503827F993BB}.Release|Any CPU.ActiveCfg = Release|Any CPU
		{34B70A1A-9366-4673-AD96-503827F993BB}.Release|Any CPU.Build.0 = Release|Any CPU
	EndGlobalSection
	GlobalSection(SolutionProperties) = preSolution
		HideSolutionNode = FALSE
	EndGlobalSection
	GlobalSection(ExtensibilityGlobals) = postSolution
		SolutionGuid = {28595B9A-1467-46CE-9D07-D660F1497058}
	EndGlobalSection
EndGlobal
