
Microsoft Visual Studio Solution File, Format Version 12.00
# Visual Studio Version 17
VisualStudioVersion = 17.1.32210.238
MinimumVisualStudioVersion = 10.0.40219.1
Project("{FAE04EC0-301F-11D3-BF4B-00C04F79EFBC}") = "exerResolvido04", "exerResolvido04\exerResolvido04.csproj", "{26B6B2C4-AE2A-450F-ACAB-3B8130551EF4}"
EndProject
Global
	GlobalSection(SolutionConfigurationPlatforms) = preSolution
		Debug|Any CPU = Debug|Any CPU
		Release|Any CPU = Release|Any CPU
	EndGlobalSection
	GlobalSection(ProjectConfigurationPlatforms) = postSolution
		{26B6B2C4-AE2A-450F-ACAB-3B8130551EF4}.Debug|Any CPU.ActiveCfg = Debug|Any CPU
		{26B6B2C4-AE2A-450F-ACAB-3B8130551EF4}.Debug|Any CPU.Build.0 = Debug|Any CPU
		{26B6B2C4-AE2A-450F-ACAB-3B8130551EF4}.Release|Any CPU.ActiveCfg = Release|Any CPU
		{26B6B2C4-AE2A-450F-ACAB-3B8130551EF4}.Release|Any CPU.Build.0 = Release|Any CPU
	EndGlobalSection
	GlobalSection(SolutionProperties) = preSolution
		HideSolutionNode = FALSE
	EndGlobalSection
	GlobalSection(ExtensibilityGlobals) = postSolution
		SolutionGuid = {054D1783-680C-4680-959F-418EE81FB0E6}
	EndGlobalSection
EndGlobal
