
Microsoft Visual Studio Solution File, Format Version 12.00
# Visual Studio Version 17
VisualStudioVersion = 17.1.32210.238
MinimumVisualStudioVersion = 10.0.40219.1
Project("{FAE04EC0-301F-11D3-BF4B-00C04F79EFBC}") = "10 - ListandoPokemons", "10 - ListandoPokemons.csproj", "{AA617ABB-0521-4B49-B764-0C4DE9D09E0D}"
EndProject
Global
	GlobalSection(SolutionConfigurationPlatforms) = preSolution
		Debug|Any CPU = Debug|Any CPU
		Release|Any CPU = Release|Any CPU
	EndGlobalSection
	GlobalSection(ProjectConfigurationPlatforms) = postSolution
		{AA617ABB-0521-4B49-B764-0C4DE9D09E0D}.Debug|Any CPU.ActiveCfg = Debug|Any CPU
		{AA617ABB-0521-4B49-B764-0C4DE9D09E0D}.Debug|Any CPU.Build.0 = Debug|Any CPU
		{AA617ABB-0521-4B49-B764-0C4DE9D09E0D}.Release|Any CPU.ActiveCfg = Release|Any CPU
		{AA617ABB-0521-4B49-B764-0C4DE9D09E0D}.Release|Any CPU.Build.0 = Release|Any CPU
	EndGlobalSection
	GlobalSection(SolutionProperties) = preSolution
		HideSolutionNode = FALSE
	EndGlobalSection
	GlobalSection(ExtensibilityGlobals) = postSolution
		SolutionGuid = {AA5594AF-A037-4BA2-8536-C184B30BC53C}
	EndGlobalSection
EndGlobal
