
Microsoft Visual Studio Solution File, Format Version 12.00
# Visual Studio Version 17
VisualStudioVersion = 17.1.32210.238
MinimumVisualStudioVersion = 10.0.40219.1
Project("{FAE04EC0-301F-11D3-BF4B-00C04F79EFBC}") = "exercicio02", "exercicio02.csproj", "{65F596DE-D500-490E-97FF-4CA5B7DFD714}"
EndProject
Global
	GlobalSection(SolutionConfigurationPlatforms) = preSolution
		Debug|Any CPU = Debug|Any CPU
		Release|Any CPU = Release|Any CPU
	EndGlobalSection
	GlobalSection(ProjectConfigurationPlatforms) = postSolution
		{65F596DE-D500-490E-97FF-4CA5B7DFD714}.Debug|Any CPU.ActiveCfg = Debug|Any CPU
		{65F596DE-D500-490E-97FF-4CA5B7DFD714}.Debug|Any CPU.Build.0 = Debug|Any CPU
		{65F596DE-D500-490E-97FF-4CA5B7DFD714}.Release|Any CPU.ActiveCfg = Release|Any CPU
		{65F596DE-D500-490E-97FF-4CA5B7DFD714}.Release|Any CPU.Build.0 = Release|Any CPU
	EndGlobalSection
	GlobalSection(SolutionProperties) = preSolution
		HideSolutionNode = FALSE
	EndGlobalSection
	GlobalSection(ExtensibilityGlobals) = postSolution
		SolutionGuid = {66F208FE-CD46-435E-A824-DE89F098CE5B}
	EndGlobalSection
EndGlobal
