
Microsoft Visual Studio Solution File, Format Version 12.00
# Visual Studio Version 17
VisualStudioVersion = 17.1.32210.238
MinimumVisualStudioVersion = 10.0.40219.1
Project("{FAE04EC0-301F-11D3-BF4B-00C04F79EFBC}") = "04 - calculaIdade", "04 - calculaIdade.csproj", "{10260ABB-2EF3-4C24-958F-741BC4BD24BF}"
EndProject
Global
	GlobalSection(SolutionConfigurationPlatforms) = preSolution
		Debug|Any CPU = Debug|Any CPU
		Release|Any CPU = Release|Any CPU
	EndGlobalSection
	GlobalSection(ProjectConfigurationPlatforms) = postSolution
		{10260ABB-2EF3-4C24-958F-741BC4BD24BF}.Debug|Any CPU.ActiveCfg = Debug|Any CPU
		{10260ABB-2EF3-4C24-958F-741BC4BD24BF}.Debug|Any CPU.Build.0 = Debug|Any CPU
		{10260ABB-2EF3-4C24-958F-741BC4BD24BF}.Release|Any CPU.ActiveCfg = Release|Any CPU
		{10260ABB-2EF3-4C24-958F-741BC4BD24BF}.Release|Any CPU.Build.0 = Release|Any CPU
	EndGlobalSection
	GlobalSection(SolutionProperties) = preSolution
		HideSolutionNode = FALSE
	EndGlobalSection
	GlobalSection(ExtensibilityGlobals) = postSolution
		SolutionGuid = {470BB069-6AB4-4BA3-958F-3CA19C3960CA}
	EndGlobalSection
EndGlobal
